
Microsoft Visual Studio Solution File, Format Version 12.00
# Visual Studio Version 17
VisualStudioVersion = 17.9.34616.47
MinimumVisualStudioVersion = 10.0.40219.1
Project("{8BC9CEB8-8B4A-11D0-8D11-00A0C91BC942}") = "Lesson-18-Task1", "Lesson-18-Task1\Lesson-18-Task1.vcxproj", "{1EF37525-8AF1-4BC5-BFCF-6E2BF956783F}"
EndProject
Global
	GlobalSection(SolutionConfigurationPlatforms) = preSolution
		Debug|x64 = Debug|x64
		Debug|x86 = Debug|x86
		Release|x64 = Release|x64
		Release|x86 = Release|x86
	EndGlobalSection
	GlobalSection(ProjectConfigurationPlatforms) = postSolution
		{1EF37525-8AF1-4BC5-BFCF-6E2BF956783F}.Debug|x64.ActiveCfg = Debug|x64
		{1EF37525-8AF1-4BC5-BFCF-6E2BF956783F}.Debug|x64.Build.0 = Debug|x64
		{1EF37525-8AF1-4BC5-BFCF-6E2BF956783F}.Debug|x86.ActiveCfg = Debug|Win32
		{1EF37525-8AF1-4BC5-BFCF-6E2BF956783F}.Debug|x86.Build.0 = Debug|Win32
		{1EF37525-8AF1-4BC5-BFCF-6E2BF956783F}.Release|x64.ActiveCfg = Release|x64
		{1EF37525-8AF1-4BC5-BFCF-6E2BF956783F}.Release|x64.Build.0 = Release|x64
		{1EF37525-8AF1-4BC5-BFCF-6E2BF956783F}.Release|x86.ActiveCfg = Release|Win32
		{1EF37525-8AF1-4BC5-BFCF-6E2BF956783F}.Release|x86.Build.0 = Release|Win32
	EndGlobalSection
	GlobalSection(SolutionProperties) = preSolution
		HideSolutionNode = FALSE
	EndGlobalSection
	GlobalSection(ExtensibilityGlobals) = postSolution
		SolutionGuid = {407484CC-DA84-4C48-9C89-A4CEE22CEF7A}
	EndGlobalSection
EndGlobal
